
Microsoft Visual Studio Solution File, Format Version 12.00
# Visual Studio Version 17
VisualStudioVersion = 17.10.35004.147
MinimumVisualStudioVersion = 10.0.40219.1
Project("{FAE04EC0-301F-11D3-BF4B-00C04F79EFBC}") = "RegistroChequeApp", "RegistroChequeApp\RegistroChequeApp.csproj", "{665C7687-F774-48A1-AFC7-F25270A38F6B}"
EndProject
Global
	GlobalSection(SolutionConfigurationPlatforms) = preSolution
		Debug|Any CPU = Debug|Any CPU
		Release|Any CPU = Release|Any CPU
	EndGlobalSection
	GlobalSection(ProjectConfigurationPlatforms) = postSolution
		{665C7687-F774-48A1-AFC7-F25270A38F6B}.Debug|Any CPU.ActiveCfg = Debug|Any CPU
		{665C7687-F774-48A1-AFC7-F25270A38F6B}.Debug|Any CPU.Build.0 = Debug|Any CPU
		{665C7687-F774-48A1-AFC7-F25270A38F6B}.Release|Any CPU.ActiveCfg = Release|Any CPU
		{665C7687-F774-48A1-AFC7-F25270A38F6B}.Release|Any CPU.Build.0 = Release|Any CPU
	EndGlobalSection
	GlobalSection(SolutionProperties) = preSolution
		HideSolutionNode = FALSE
	EndGlobalSection
	GlobalSection(ExtensibilityGlobals) = postSolution
		SolutionGuid = {1BD527AC-7315-4ACE-84B2-4BAE0DD3D9E8}
	EndGlobalSection
EndGlobal
